
Microsoft Visual Studio Solution File, Format Version 12.00
# Visual Studio Version 16
VisualStudioVersion = 16.0.32106.194
MinimumVisualStudioVersion = 10.0.40219.1
Project("{FAE04EC0-301F-11D3-BF4B-00C04F79EFBC}") = "MathF-NetFramework", "MathF-NetFramework\MathF-NetFramework.csproj", "{8D8AFE2E-E799-42D5-97C9-3456E7397264}"
EndProject
Project("{FAE04EC0-301F-11D3-BF4B-00C04F79EFBC}") = "SourceGenerator", "SourceGenerator\SourceGenerator.csproj", "{8660B636-B2CB-42DC-90B1-BA1DD7EF8060}"
EndProject
Global
	GlobalSection(SolutionConfigurationPlatforms) = preSolution
		Debug|Any CPU = Debug|Any CPU
		Release|Any CPU = Release|Any CPU
	EndGlobalSection
	GlobalSection(ProjectConfigurationPlatforms) = postSolution
		{8D8AFE2E-E799-42D5-97C9-3456E7397264}.Debug|Any CPU.ActiveCfg = Debug|Any CPU
		{8D8AFE2E-E799-42D5-97C9-3456E7397264}.Debug|Any CPU.Build.0 = Debug|Any CPU
		{8D8AFE2E-E799-42D5-97C9-3456E7397264}.Release|Any CPU.ActiveCfg = Release|Any CPU
		{8D8AFE2E-E799-42D5-97C9-3456E7397264}.Release|Any CPU.Build.0 = Release|Any CPU
		{8660B636-B2CB-42DC-90B1-BA1DD7EF8060}.Debug|Any CPU.ActiveCfg = Debug|Any CPU
		{8660B636-B2CB-42DC-90B1-BA1DD7EF8060}.Debug|Any CPU.Build.0 = Debug|Any CPU
		{8660B636-B2CB-42DC-90B1-BA1DD7EF8060}.Release|Any CPU.ActiveCfg = Release|Any CPU
		{8660B636-B2CB-42DC-90B1-BA1DD7EF8060}.Release|Any CPU.Build.0 = Release|Any CPU
	EndGlobalSection
	GlobalSection(SolutionProperties) = preSolution
		HideSolutionNode = FALSE
	EndGlobalSection
	GlobalSection(ExtensibilityGlobals) = postSolution
		SolutionGuid = {273AEFC2-890A-4171-812A-0A868DC89222}
	EndGlobalSection
EndGlobal
